
Microsoft Visual Studio Solution File, Format Version 12.00
# Visual Studio 2012
Project("{FAE04EC0-301F-11D3-BF4B-00C04F79EFBC}") = "Emmit", "Emmit\Emmit.csproj", "{8E0EFABB-46E6-44C2-8AA9-3C27A42121DC}"
EndProject
Global
	GlobalSection(SolutionConfigurationPlatforms) = preSolution
		Debug|Any CPU = Debug|Any CPU
		Release|Any CPU = Release|Any CPU
	EndGlobalSection
	GlobalSection(ProjectConfigurationPlatforms) = postSolution
		{8E0EFABB-46E6-44C2-8AA9-3C27A42121DC}.Debug|Any CPU.ActiveCfg = Debug|Any CPU
		{8E0EFABB-46E6-44C2-8AA9-3C27A42121DC}.Debug|Any CPU.Build.0 = Debug|Any CPU
		{8E0EFABB-46E6-44C2-8AA9-3C27A42121DC}.Release|Any CPU.ActiveCfg = Release|Any CPU
		{8E0EFABB-46E6-44C2-8AA9-3C27A42121DC}.Release|Any CPU.Build.0 = Release|Any CPU
	EndGlobalSection
	GlobalSection(SolutionProperties) = preSolution
		HideSolutionNode = FALSE
	EndGlobalSection
EndGlobal
